{
  "name": "json_saver",
  "version": "1.0.0",
  "lockfileVersion": 3,
  "requires": true,
  "packages": {
    "": {
      "name": "json_saver",
      "version": "1.0.0",
      "license": "ISC",
      "dependencies": {
        "directory_checker": "file:../Directory_Checker"
      }
    },
    "../Directory_Checker": {
      "version": "1.0.0",
      "license": "ISC"
    },
    "node_modules/directory_checker": {
      "resolved": "../Directory_Checker",
      "link": true
    }
  }
}
